// !$*UTF8*$!
{
	archiveVersion = 1;
	classes = {
	};
	objectVersion = 46;
	objects = {

/* Begin PBXBuildFile section */
		18542FF218AF52BE00E768D4 /* main.c in Sources */ = {isa = PBXBuildFile; fileRef = 18542FF118AF52BE00E768D4 /* main.c */; };
		18542FF418AF52BE00E768D4 /* fgets.1 in CopyFiles */ = {isa = PBXBuildFile; fileRef = 18542FF318AF52BE00E768D4 /* fgets.1 */; };
/* End PBXBuildFile section */

/* Begin PBXCopyFilesBuildPhase section */
		18542FEB18AF52BE00E768D4 /* CopyFiles */ = {
			isa = PBXCopyFilesBuildPhase;
			buildActionMask = 2147483647;
			dstPath = /usr/share/man/man1/;
			dstSubfolderSpec = 0;
			files = (
				18542FF418AF52BE00E768D4 /* fgets.1 in CopyFiles */,
			);
			runOnlyForDeploymentPostprocessing = 1;
		};
/* End PBXCopyFilesBuildPhase section */

/* Begin PBXFileReference section */
		18542FED18AF52BE00E768D4 /* fgets */ = {isa = PBXFileReference; explicitFileType = "compiled.mach-o.executable"; includeInIndex = 0; path = fgets; sourceTree = BUILT_PRODUCTS_DIR; };
		18542FF118AF52BE00E768D4 /* main.c */ = {isa = PBXFileReference; lastKnownFileType = sourcecode.c.c; path = main.c; sourceTree = "<group>"; };
		18542FF318AF52BE00E768D4 /* fgets.1 */ = {isa = PBXFileReference; lastKnownFileType = text.man; path = fgets.1; sourceTree = "<group>"; };
/* End PBXFileReference section */

/* Begin PBXFrameworksBuildPhase section */
		18542FEA18AF52BE00E768D4 /* Frameworks */ = {
			isa = PBXFrameworksBuildPhase;
			buildActionMask = 2147483647;
			files = (
			);
			runOnlyForDeploymentPostprocessing = 0;
		};
/* End PBXFrameworksBuildPhase section */

/* Begin PBXGroup section */
		18542FE218AF52BE00E768D4 = {
			isa = PBXGroup;
			children = (
				18542FF018AF52BE00E768D4 /* fgets */,
				18542FEE18AF52BE00E768D4 /* Products */,
			);
			sourceTree = "<group>";
		};
		18542FEE18AF52BE00E768D4 /* Products */ = {
			isa = PBXGroup;
			children = (
				18542FED18AF52BE00E768D4 /* fgets */,
			);
			name = Products;
			sourceTree = "<group>";
		};
		18542FF018AF52BE00E768D4 /* fgets */ = {
			isa = PBXGroup;
			children = (
				18542FF118AF52BE00E768D4 /* main.c */,
				18542FF318AF52BE00E768D4 /* fgets.1 */,
			);
			path = fgets;
			sourceTree = "<group>";
		};
/* End PBXGroup section */

/* Begin PBXNativeTarget section */
		18542FEC18AF52BE00E768D4 /* fgets */ = {
			isa = PBXNativeTarget;
			buildConfigurationList = 18542FF718AF52BE00E768D4 /* Build configuration list for PBXNativeTarget "fgets" */;
			buildPhases = (
				18542FE918AF52BE00E768D4 /* Sources */,
				18542FEA18AF52BE00E768D4 /* Frameworks */,
				18542FEB18AF52BE00E768D4 /* CopyFiles */,
			);
			buildRules = (
			);
			dependencies = (
			);
			name = fgets;
			productName = fgets;
			productReference = 18542FED18AF52BE00E768D4 /* fgets */;
			productType = "com.apple.product-type.tool";
		};
/* End PBXNativeTarget section */

/* Begin PBXProject section */
		18542FE418AF52BE00E768D4 /* Project object */ = {
			isa = PBXProject;
			attributes = {
				LastUpgradeCheck = 0450;
				ORGANIZATIONNAME = "吳瑞洋公司";
			};
			buildConfigurationList = 18542FE718AF52BE00E768D4 /* Build configuration list for PBXProject "fgets" */;
			compatibilityVersion = "Xcode 3.2";
			developmentRegion = English;
			hasScannedForEncodings = 0;
			knownRegions = (
				en,
			);
			mainGroup = 18542FE218AF52BE00E768D4;
			productRefGroup = 18542FEE18AF52BE00E768D4 /* Products */;
			projectDirPath = "";
			projectRoot = "";
			targets = (
				18542FEC18AF52BE00E768D4 /* fgets */,
			);
		};
/* End PBXProject section */

/* Begin PBXSourcesBuildPhase section */
		18542FE918AF52BE00E768D4 /* Sources */ = {
			isa = PBXSourcesBuildPhase;
			buildActionMask = 2147483647;
			files = (
				18542FF218AF52BE00E768D4 /* main.c in Sources */,
			);
			runOnlyForDeploymentPostprocessing = 0;
		};
/* End PBXSourcesBuildPhase section */

/* Begin XCBuildConfiguration section */
		18542FF518AF52BE00E768D4 /* Debug */ = {
			isa = XCBuildConfiguration;
			buildSettings = {
				ALWAYS_SEARCH_USER_PATHS = NO;
				ARCHS = "$(ARCHS_STANDARD_64_BIT)";
				CLANG_CXX_LANGUAGE_STANDARD = "gnu++0x";
				CLANG_CXX_LIBRARY = "libc++";
				CLANG_ENABLE_OBJC_ARC = YES;
				CLANG_WARN_EMPTY_BODY = YES;
				CLANG_WARN__DUPLICATE_METHOD_MATCH = YES;
				COPY_PHASE_STRIP = NO;
				GCC_C_LANGUAGE_STANDARD = gnu99;
				GCC_DYNAMIC_NO_PIC = NO;
				GCC_ENABLE_OBJC_EXCEPTIONS = YES;
				GCC_OPTIMIZATION_LEVEL = 0;
				GCC_PREPROCESSOR_DEFINITIONS = (
					"DEBUG=1",
					"$(inherited)",
				);
				GCC_SYMBOLS_PRIVATE_EXTERN = NO;
				GCC_WARN_64_TO_32_BIT_CONVERSION = YES;
				GCC_WARN_ABOUT_RETURN_TYPE = YES;
				GCC_WARN_UNINITIALIZED_AUTOS = YES;
				GCC_WARN_UNUSED_VARIABLE = YES;
				MACOSX_DEPLOYMENT_TARGET = 10.7;
				ONLY_ACTIVE_ARCH = YES;
				SDKROOT = macosx;
			};
			name = Debug;
		};
		18542FF618AF52BE00E768D4 /* Release */ = {
			isa = XCBuildConfiguration;
			buildSettings = {
				ALWAYS_SEARCH_USER_PATHS = NO;
				ARCHS = "$(ARCHS_STANDARD_64_BIT)";
				CLANG_CXX_LANGUAGE_STANDARD = "gnu++0x";
				CLANG_CXX_LIBRARY = "libc++";
				CLANG_ENABLE_OBJC_ARC = YES;
				CLANG_WARN_EMPTY_BODY = YES;
				CLANG_WARN__DUPLICATE_METHOD_MATCH = YES;
				COPY_PHASE_STRIP = YES;
				DEBUG_INFORMATION_FORMAT = "dwarf-with-dsym";
				GCC_C_LANGUAGE_STANDARD = gnu99;
				GCC_ENABLE_OBJC_EXCEPTIONS = YES;
				GCC_WARN_64_TO_32_BIT_CONVERSION = YES;
				GCC_WARN_ABOUT_RETURN_TYPE = YES;
				GCC_WARN_UNINITIALIZED_AUTOS = YES;
				GCC_WARN_UNUSED_VARIABLE = YES;
				MACOSX_DEPLOYMENT_TARGET = 10.7;
				SDKROOT = macosx;
			};
			name = Release;
		};
		18542FF818AF52BE00E768D4 /* Debug */ = {
			isa = XCBuildConfiguration;
			buildSettings = {
				PRODUCT_NAME = "$(TARGET_NAME)";
			};
			name = Debug;
		};
		18542FF918AF52BE00E768D4 /* Release */ = {
			isa = XCBuildConfiguration;
			buildSettings = {
				PRODUCT_NAME = "$(TARGET_NAME)";
			};
			name = Release;
		};
/* End XCBuildConfiguration section */

/* Begin XCConfigurationList section */
		18542FE718AF52BE00E768D4 /* Build configuration list for PBXProject "fgets" */ = {
			isa = XCConfigurationList;
			buildConfigurations = (
				18542FF518AF52BE00E768D4 /* Debug */,
				18542FF618AF52BE00E768D4 /* Release */,
			);
			defaultConfigurationIsVisible = 0;
			defaultConfigurationName = Release;
		};
		18542FF718AF52BE00E768D4 /* Build configuration list for PBXNativeTarget "fgets" */ = {
			isa = XCConfigurationList;
			buildConfigurations = (
				18542FF818AF52BE00E768D4 /* Debug */,
				18542FF918AF52BE00E768D4 /* Release */,
			);
			defaultConfigurationIsVisible = 0;
		};
/* End XCConfigurationList section */
	};
	rootObject = 18542FE418AF52BE00E768D4 /* Project object */;
}
